
Microsoft Visual Studio Solution File, Format Version 12.00
# Visual Studio 14
VisualStudioVersion = 14.0.25420.1
MinimumVisualStudioVersion = 10.0.40219.1
Project("{FAE04EC0-301F-11D3-BF4B-00C04F79EFBC}") = "PlugIn1", "PlugIn1\PlugIn1.csproj", "{D1B5E24B-1410-417C-A99F-8BB32C4CC338}"
EndProject
Project("{FAE04EC0-301F-11D3-BF4B-00C04F79EFBC}") = "DynamicUICore", "Core\DynamicUICore.csproj", "{ADE24275-E0AE-4916-8B25-82C4F4690CF9}"
EndProject
Project("{FAE04EC0-301F-11D3-BF4B-00C04F79EFBC}") = "Contract", "Contract\Contract.csproj", "{1F2774D9-7D1E-4117-933B-7ACF2FB14DAF}"
EndProject
Project("{FAE04EC0-301F-11D3-BF4B-00C04F79EFBC}") = "DynamicWPF", "DynamicWPF\DynamicWPF.csproj", "{14EC7B04-4E9F-4624-89C5-03B309BB585F}"
EndProject
Project("{FAE04EC0-301F-11D3-BF4B-00C04F79EFBC}") = "Main", "Main\Main.csproj", "{2ABB6C54-B5F8-4C47-B275-053F817DA02E}"
EndProject
Global
	GlobalSection(SolutionConfigurationPlatforms) = preSolution
		Debug|Any CPU = Debug|Any CPU
		Release|Any CPU = Release|Any CPU
	EndGlobalSection
	GlobalSection(ProjectConfigurationPlatforms) = postSolution
		{D1B5E24B-1410-417C-A99F-8BB32C4CC338}.Debug|Any CPU.ActiveCfg = Debug|Any CPU
		{D1B5E24B-1410-417C-A99F-8BB32C4CC338}.Debug|Any CPU.Build.0 = Debug|Any CPU
		{D1B5E24B-1410-417C-A99F-8BB32C4CC338}.Release|Any CPU.ActiveCfg = Release|Any CPU
		{D1B5E24B-1410-417C-A99F-8BB32C4CC338}.Release|Any CPU.Build.0 = Release|Any CPU
		{ADE24275-E0AE-4916-8B25-82C4F4690CF9}.Debug|Any CPU.ActiveCfg = Debug|Any CPU
		{ADE24275-E0AE-4916-8B25-82C4F4690CF9}.Debug|Any CPU.Build.0 = Debug|Any CPU
		{ADE24275-E0AE-4916-8B25-82C4F4690CF9}.Release|Any CPU.ActiveCfg = Release|Any CPU
		{ADE24275-E0AE-4916-8B25-82C4F4690CF9}.Release|Any CPU.Build.0 = Release|Any CPU
		{1F2774D9-7D1E-4117-933B-7ACF2FB14DAF}.Debug|Any CPU.ActiveCfg = Debug|Any CPU
		{1F2774D9-7D1E-4117-933B-7ACF2FB14DAF}.Debug|Any CPU.Build.0 = Debug|Any CPU
		{1F2774D9-7D1E-4117-933B-7ACF2FB14DAF}.Release|Any CPU.ActiveCfg = Release|Any CPU
		{1F2774D9-7D1E-4117-933B-7ACF2FB14DAF}.Release|Any CPU.Build.0 = Release|Any CPU
		{14EC7B04-4E9F-4624-89C5-03B309BB585F}.Debug|Any CPU.ActiveCfg = Debug|Any CPU
		{14EC7B04-4E9F-4624-89C5-03B309BB585F}.Debug|Any CPU.Build.0 = Debug|Any CPU
		{14EC7B04-4E9F-4624-89C5-03B309BB585F}.Release|Any CPU.ActiveCfg = Release|Any CPU
		{14EC7B04-4E9F-4624-89C5-03B309BB585F}.Release|Any CPU.Build.0 = Release|Any CPU
		{2ABB6C54-B5F8-4C47-B275-053F817DA02E}.Debug|Any CPU.ActiveCfg = Debug|Any CPU
		{2ABB6C54-B5F8-4C47-B275-053F817DA02E}.Debug|Any CPU.Build.0 = Debug|Any CPU
		{2ABB6C54-B5F8-4C47-B275-053F817DA02E}.Release|Any CPU.ActiveCfg = Release|Any CPU
		{2ABB6C54-B5F8-4C47-B275-053F817DA02E}.Release|Any CPU.Build.0 = Release|Any CPU
	EndGlobalSection
	GlobalSection(SolutionProperties) = preSolution
		HideSolutionNode = FALSE
	EndGlobalSection
EndGlobal
